// !$*UTF8*$!
{
	archiveVersion = 1;
	classes = {
	};
	objectVersion = 46;
	objects = {

/* Begin PBXBuildFile section */
		301BBA011A6CFCBB006CC3F2 /* AppDelegate.swift in Sources */ = {isa = PBXBuildFile; fileRef = 301BBA001A6CFCBB006CC3F2 /* AppDelegate.swift */; };
		301BBA031A6CFCBB006CC3F2 /* ViewController.swift in Sources */ = {isa = PBXBuildFile; fileRef = 301BBA021A6CFCBB006CC3F2 /* ViewController.swift */; };
		301BBA061A6CFCBB006CC3F2 /* Main.storyboard in Resources */ = {isa = PBXBuildFile; fileRef = 301BBA041A6CFCBB006CC3F2 /* Main.storyboard */; };
		301BBA081A6CFCBB006CC3F2 /* Images.xcassets in Resources */ = {isa = PBXBuildFile; fileRef = 301BBA071A6CFCBB006CC3F2 /* Images.xcassets */; };
		301BBA0B1A6CFCBB006CC3F2 /* LaunchScreen.xib in Resources */ = {isa = PBXBuildFile; fileRef = 301BBA091A6CFCBB006CC3F2 /* LaunchScreen.xib */; };
		301BBA171A6CFCBC006CC3F2 /* Postcard2Tests.swift in Sources */ = {isa = PBXBuildFile; fileRef = 301BBA161A6CFCBC006CC3F2 /* Postcard2Tests.swift */; };
/* End PBXBuildFile section */

/* Begin PBXContainerItemProxy section */
		301BBA111A6CFCBC006CC3F2 /* PBXContainerItemProxy */ = {
			isa = PBXContainerItemProxy;
			containerPortal = 301BB9F31A6CFCBB006CC3F2 /* Project object */;
			proxyType = 1;
			remoteGlobalIDString = 301BB9FA1A6CFCBB006CC3F2;
			remoteInfo = Postcard2;
		};
/* End PBXContainerItemProxy section */

/* Begin PBXFileReference section */
		301BB9FB1A6CFCBB006CC3F2 /* Postcard2.app */ = {isa = PBXFileReference; explicitFileType = wrapper.application; includeInIndex = 0; path = Postcard2.app; sourceTree = BUILT_PRODUCTS_DIR; };
		301BB9FF1A6CFCBB006CC3F2 /* Info.plist */ = {isa = PBXFileReference; lastKnownFileType = text.plist.xml; path = Info.plist; sourceTree = "<group>"; };
		301BBA001A6CFCBB006CC3F2 /* AppDelegate.swift */ = {isa = PBXFileReference; lastKnownFileType = sourcecode.swift; path = AppDelegate.swift; sourceTree = "<group>"; };
		301BBA021A6CFCBB006CC3F2 /* ViewController.swift */ = {isa = PBXFileReference; lastKnownFileType = sourcecode.swift; path = ViewController.swift; sourceTree = "<group>"; };
		301BBA051A6CFCBB006CC3F2 /* Base */ = {isa = PBXFileReference; lastKnownFileType = file.storyboard; name = Base; path = Base.lproj/Main.storyboard; sourceTree = "<group>"; };
		301BBA071A6CFCBB006CC3F2 /* Images.xcassets */ = {isa = PBXFileReference; lastKnownFileType = folder.assetcatalog; path = Images.xcassets; sourceTree = "<group>"; };
		301BBA0A1A6CFCBB006CC3F2 /* Base */ = {isa = PBXFileReference; lastKnownFileType = file.xib; name = Base; path = Base.lproj/LaunchScreen.xib; sourceTree = "<group>"; };
		301BBA101A6CFCBC006CC3F2 /* Postcard2Tests.xctest */ = {isa = PBXFileReference; explicitFileType = wrapper.cfbundle; includeInIndex = 0; path = Postcard2Tests.xctest; sourceTree = BUILT_PRODUCTS_DIR; };
		301BBA151A6CFCBC006CC3F2 /* Info.plist */ = {isa = PBXFileReference; lastKnownFileType = text.plist.xml; path = Info.plist; sourceTree = "<group>"; };
		301BBA161A6CFCBC006CC3F2 /* Postcard2Tests.swift */ = {isa = PBXFileReference; lastKnownFileType = sourcecode.swift; path = Postcard2Tests.swift; sourceTree = "<group>"; };
/* End PBXFileReference section */

/* Begin PBXFrameworksBuildPhase section */
		301BB9F81A6CFCBB006CC3F2 /* Frameworks */ = {
			isa = PBXFrameworksBuildPhase;
			buildActionMask = 2147483647;
			files = (
			);
			runOnlyForDeploymentPostprocessing = 0;
		};
		301BBA0D1A6CFCBC006CC3F2 /* Frameworks */ = {
			isa = PBXFrameworksBuildPhase;
			buildActionMask = 2147483647;
			files = (
			);
			runOnlyForDeploymentPostprocessing = 0;
		};
/* End PBXFrameworksBuildPhase section */

/* Begin PBXGroup section */
		301BB9F21A6CFCBB006CC3F2 = {
			isa = PBXGroup;
			children = (
				301BB9FD1A6CFCBB006CC3F2 /* Postcard2 */,
				301BBA131A6CFCBC006CC3F2 /* Postcard2Tests */,
				301BB9FC1A6CFCBB006CC3F2 /* Products */,
			);
			sourceTree = "<group>";
		};
		301BB9FC1A6CFCBB006CC3F2 /* Products */ = {
			isa = PBXGroup;
			children = (
				301BB9FB1A6CFCBB006CC3F2 /* Postcard2.app */,
				301BBA101A6CFCBC006CC3F2 /* Postcard2Tests.xctest */,
			);
			name = Products;
			sourceTree = "<group>";
		};
		301BB9FD1A6CFCBB006CC3F2 /* Postcard2 */ = {
			isa = PBXGroup;
			children = (
				301BBA001A6CFCBB006CC3F2 /* AppDelegate.swift */,
				301BBA021A6CFCBB006CC3F2 /* ViewController.swift */,
				301BBA041A6CFCBB006CC3F2 /* Main.storyboard */,
				301BBA071A6CFCBB006CC3F2 /* Images.xcassets */,
				301BBA091A6CFCBB006CC3F2 /* LaunchScreen.xib */,
				301BB9FE1A6CFCBB006CC3F2 /* Supporting Files */,
			);
			path = Postcard2;
			sourceTree = "<group>";
		};
		301BB9FE1A6CFCBB006CC3F2 /* Supporting Files */ = {
			isa = PBXGroup;
			children = (
				301BB9FF1A6CFCBB006CC3F2 /* Info.plist */,
			);
			name = "Supporting Files";
			sourceTree = "<group>";
		};
		301BBA131A6CFCBC006CC3F2 /* Postcard2Tests */ = {
			isa = PBXGroup;
			children = (
				301BBA161A6CFCBC006CC3F2 /* Postcard2Tests.swift */,
				301BBA141A6CFCBC006CC3F2 /* Supporting Files */,
			);
			path = Postcard2Tests;
			sourceTree = "<group>";
		};
		301BBA141A6CFCBC006CC3F2 /* Supporting Files */ = {
			isa = PBXGroup;
			children = (
				301BBA151A6CFCBC006CC3F2 /* Info.plist */,
			);
			name = "Supporting Files";
			sourceTree = "<group>";
		};
/* End PBXGroup section */

/* Begin PBXNativeTarget section */
		301BB9FA1A6CFCBB006CC3F2 /* Postcard2 */ = {
			isa = PBXNativeTarget;
			buildConfigurationList = 301BBA1A1A6CFCBC006CC3F2 /* Build configuration list for PBXNativeTarget "Postcard2" */;
			buildPhases = (
				301BB9F71A6CFCBB006CC3F2 /* Sources */,
				301BB9F81A6CFCBB006CC3F2 /* Frameworks */,
				301BB9F91A6CFCBB006CC3F2 /* Resources */,
			);
			buildRules = (
			);
			dependencies = (
			);
			name = Postcard2;
			productName = Postcard2;
			productReference = 301BB9FB1A6CFCBB006CC3F2 /* Postcard2.app */;
			productType = "com.apple.product-type.application";
		};
		301BBA0F1A6CFCBC006CC3F2 /* Postcard2Tests */ = {
			isa = PBXNativeTarget;
			buildConfigurationList = 301BBA1D1A6CFCBC006CC3F2 /* Build configuration list for PBXNativeTarget "Postcard2Tests" */;
			buildPhases = (
				301BBA0C1A6CFCBC006CC3F2 /* Sources */,
				301BBA0D1A6CFCBC006CC3F2 /* Frameworks */,
				301BBA0E1A6CFCBC006CC3F2 /* Resources */,
			);
			buildRules = (
			);
			dependencies = (
				301BBA121A6CFCBC006CC3F2 /* PBXTargetDependency */,
			);
			name = Postcard2Tests;
			productName = Postcard2Tests;
			productReference = 301BBA101A6CFCBC006CC3F2 /* Postcard2Tests.xctest */;
			productType = "com.apple.product-type.bundle.unit-test";
		};
/* End PBXNativeTarget section */

/* Begin PBXProject section */
		301BB9F31A6CFCBB006CC3F2 /* Project object */ = {
			isa = PBXProject;
			attributes = {
				LastUpgradeCheck = 0610;
				ORGANIZATIONNAME = BrittanyDevMiguel47962746H;
				TargetAttributes = {
					301BB9FA1A6CFCBB006CC3F2 = {
						CreatedOnToolsVersion = 6.1.1;
					};
					301BBA0F1A6CFCBC006CC3F2 = {
						CreatedOnToolsVersion = 6.1.1;
						TestTargetID = 301BB9FA1A6CFCBB006CC3F2;
					};
				};
			};
			buildConfigurationList = 301BB9F61A6CFCBB006CC3F2 /* Build configuration list for PBXProject "Postcard2" */;
			compatibilityVersion = "Xcode 3.2";
			developmentRegion = English;
			hasScannedForEncodings = 0;
			knownRegions = (
				en,
				Base,
			);
			mainGroup = 301BB9F21A6CFCBB006CC3F2;
			productRefGroup = 301BB9FC1A6CFCBB006CC3F2 /* Products */;
			projectDirPath = "";
			projectRoot = "";
			targets = (
				301BB9FA1A6CFCBB006CC3F2 /* Postcard2 */,
				301BBA0F1A6CFCBC006CC3F2 /* Postcard2Tests */,
			);
		};
/* End PBXProject section */

/* Begin PBXResourcesBuildPhase section */
		301BB9F91A6CFCBB006CC3F2 /* Resources */ = {
			isa = PBXResourcesBuildPhase;
			buildActionMask = 2147483647;
			files = (
				301BBA061A6CFCBB006CC3F2 /* Main.storyboard in Resources */,
				301BBA0B1A6CFCBB006CC3F2 /* LaunchScreen.xib in Resources */,
				301BBA081A6CFCBB006CC3F2 /* Images.xcassets in Resources */,
			);
			runOnlyForDeploymentPostprocessing = 0;
		};
		301BBA0E1A6CFCBC006CC3F2 /* Resources */ = {
			isa = PBXResourcesBuildPhase;
			buildActionMask = 2147483647;
			files = (
			);
			runOnlyForDeploymentPostprocessing = 0;
		};
/* End PBXResourcesBuildPhase section */

/* Begin PBXSourcesBuildPhase section */
		301BB9F71A6CFCBB006CC3F2 /* Sources */ = {
			isa = PBXSourcesBuildPhase;
			buildActionMask = 2147483647;
			files = (
				301BBA031A6CFCBB006CC3F2 /* ViewController.swift in Sources */,
				301BBA011A6CFCBB006CC3F2 /* AppDelegate.swift in Sources */,
			);
			runOnlyForDeploymentPostprocessing = 0;
		};
		301BBA0C1A6CFCBC006CC3F2 /* Sources */ = {
			isa = PBXSourcesBuildPhase;
			buildActionMask = 2147483647;
			files = (
				301BBA171A6CFCBC006CC3F2 /* Postcard2Tests.swift in Sources */,
			);
			runOnlyForDeploymentPostprocessing = 0;
		};
/* End PBXSourcesBuildPhase section */

/* Begin PBXTargetDependency section */
		301BBA121A6CFCBC006CC3F2 /* PBXTargetDependency */ = {
			isa = PBXTargetDependency;
			target = 301BB9FA1A6CFCBB006CC3F2 /* Postcard2 */;
			targetProxy = 301BBA111A6CFCBC006CC3F2 /* PBXContainerItemProxy */;
		};
/* End PBXTargetDependency section */

/* Begin PBXVariantGroup section */
		301BBA041A6CFCBB006CC3F2 /* Main.storyboard */ = {
			isa = PBXVariantGroup;
			children = (
				301BBA051A6CFCBB006CC3F2 /* Base */,
			);
			name = Main.storyboard;
			sourceTree = "<group>";
		};
		301BBA091A6CFCBB006CC3F2 /* LaunchScreen.xib */ = {
			isa = PBXVariantGroup;
			children = (
				301BBA0A1A6CFCBB006CC3F2 /* Base */,
			);
			name = LaunchScreen.xib;
			sourceTree = "<group>";
		};
/* End PBXVariantGroup section */

/* Begin XCBuildConfiguration section */
		301BBA181A6CFCBC006CC3F2 /* Debug */ = {
			isa = XCBuildConfiguration;
			buildSettings = {
				ALWAYS_SEARCH_USER_PATHS = NO;
				CLANG_CXX_LANGUAGE_STANDARD = "gnu++0x";
				CLANG_CXX_LIBRARY = "libc++";
				CLANG_ENABLE_MODULES = YES;
				CLANG_ENABLE_OBJC_ARC = YES;
				CLANG_WARN_BOOL_CONVERSION = YES;
				CLANG_WARN_CONSTANT_CONVERSION = YES;
				CLANG_WARN_DIRECT_OBJC_ISA_USAGE = YES_ERROR;
				CLANG_WARN_EMPTY_BODY = YES;
				CLANG_WARN_ENUM_CONVERSION = YES;
				CLANG_WARN_INT_CONVERSION = YES;
				CLANG_WARN_OBJC_ROOT_CLASS = YES_ERROR;
				CLANG_WARN_UNREACHABLE_CODE = YES;
				CLANG_WARN__DUPLICATE_METHOD_MATCH = YES;
				"CODE_SIGN_IDENTITY[sdk=iphoneos*]" = "iPhone Developer";
				COPY_PHASE_STRIP = NO;
				ENABLE_STRICT_OBJC_MSGSEND = YES;
				GCC_C_LANGUAGE_STANDARD = gnu99;
				GCC_DYNAMIC_NO_PIC = NO;
				GCC_OPTIMIZATION_LEVEL = 0;
				GCC_PREPROCESSOR_DEFINITIONS = (
					"DEBUG=1",
					"$(inherited)",
				);
				GCC_SYMBOLS_PRIVATE_EXTERN = NO;
				GCC_WARN_64_TO_32_BIT_CONVERSION = YES;
				GCC_WARN_ABOUT_RETURN_TYPE = YES_ERROR;
				GCC_WARN_UNDECLARED_SELECTOR = YES;
				GCC_WARN_UNINITIALIZED_AUTOS = YES_AGGRESSIVE;
				GCC_WARN_UNUSED_FUNCTION = YES;
				GCC_WARN_UNUSED_VARIABLE = YES;
				IPHONEOS_DEPLOYMENT_TARGET = 8.1;
				MTL_ENABLE_DEBUG_INFO = YES;
				ONLY_ACTIVE_ARCH = YES;
				SDKROOT = iphoneos;
				SWIFT_OPTIMIZATION_LEVEL = "-Onone";
				TARGETED_DEVICE_FAMILY = "1,2";
			};
			name = Debug;
		};
		301BBA191A6CFCBC006CC3F2 /* Release */ = {
			isa = XCBuildConfiguration;
			buildSettings = {
				ALWAYS_SEARCH_USER_PATHS = NO;
				CLANG_CXX_LANGUAGE_STANDARD = "gnu++0x";
				CLANG_CXX_LIBRARY = "libc++";
				CLANG_ENABLE_MODULES = YES;
				CLANG_ENABLE_OBJC_ARC = YES;
				CLANG_WARN_BOOL_CONVERSION = YES;
				CLANG_WARN_CONSTANT_CONVERSION = YES;
				CLANG_WARN_DIRECT_OBJC_ISA_USAGE = YES_ERROR;
				CLANG_WARN_EMPTY_BODY = YES;
				CLANG_WARN_ENUM_CONVERSION = YES;
				CLANG_WARN_INT_CONVERSION = YES;
				CLANG_WARN_OBJC_ROOT_CLASS = YES_ERROR;
				CLANG_WARN_UNREACHABLE_CODE = YES;
				CLANG_WARN__DUPLICATE_METHOD_MATCH = YES;
				"CODE_SIGN_IDENTITY[sdk=iphoneos*]" = "iPhone Developer";
				COPY_PHASE_STRIP = YES;
				ENABLE_NS_ASSERTIONS = NO;
				ENABLE_STRICT_OBJC_MSGSEND = YES;
				GCC_C_LANGUAGE_STANDARD = gnu99;
				GCC_WARN_64_TO_32_BIT_CONVERSION = YES;
				GCC_WARN_ABOUT_RETURN_TYPE = YES_ERROR;
				GCC_WARN_UNDECLARED_SELECTOR = YES;
				GCC_WARN_UNINITIALIZED_AUTOS = YES_AGGRESSIVE;
				GCC_WARN_UNUSED_FUNCTION = YES;
				GCC_WARN_UNUSED_VARIABLE = YES;
				IPHONEOS_DEPLOYMENT_TARGET = 8.1;
				MTL_ENABLE_DEBUG_INFO = NO;
				SDKROOT = iphoneos;
				TARGETED_DEVICE_FAMILY = "1,2";
				VALIDATE_PRODUCT = YES;
			};
			name = Release;
		};
		301BBA1B1A6CFCBC006CC3F2 /* Debug */ = {
			isa = XCBuildConfiguration;
			buildSettings = {
				ASSETCATALOG_COMPILER_APPICON_NAME = AppIcon;
				INFOPLIST_FILE = Postcard2/Info.plist;
				LD_RUNPATH_SEARCH_PATHS = "$(inherited) @executable_path/Frameworks";
				PRODUCT_NAME = "$(TARGET_NAME)";
			};
			name = Debug;
		};
		301BBA1C1A6CFCBC006CC3F2 /* Release */ = {
			isa = XCBuildConfiguration;
			buildSettings = {
				ASSETCATALOG_COMPILER_APPICON_NAME = AppIcon;
				INFOPLIST_FILE = Postcard2/Info.plist;
				LD_RUNPATH_SEARCH_PATHS = "$(inherited) @executable_path/Frameworks";
				PRODUCT_NAME = "$(TARGET_NAME)";
			};
			name = Release;
		};
		301BBA1E1A6CFCBC006CC3F2 /* Debug */ = {
			isa = XCBuildConfiguration;
			buildSettings = {
				BUNDLE_LOADER = "$(TEST_HOST)";
				FRAMEWORK_SEARCH_PATHS = (
					"$(SDKROOT)/Developer/Library/Frameworks",
					"$(inherited)",
				);
				GCC_PREPROCESSOR_DEFINITIONS = (
					"DEBUG=1",
					"$(inherited)",
				);
				INFOPLIST_FILE = Postcard2Tests/Info.plist;
				LD_RUNPATH_SEARCH_PATHS = "$(inherited) @executable_path/Frameworks @loader_path/Frameworks";
				PRODUCT_NAME = "$(TARGET_NAME)";
				TEST_HOST = "$(BUILT_PRODUCTS_DIR)/Postcard2.app/Postcard2";
			};
			name = Debug;
		};
		301BBA1F1A6CFCBC006CC3F2 /* Release */ = {
			isa = XCBuildConfiguration;
			buildSettings = {
				BUNDLE_LOADER = "$(TEST_HOST)";
				FRAMEWORK_SEARCH_PATHS = (
					"$(SDKROOT)/Developer/Library/Frameworks",
					"$(inherited)",
				);
				INFOPLIST_FILE = Postcard2Tests/Info.plist;
				LD_RUNPATH_SEARCH_PATHS = "$(inherited) @executable_path/Frameworks @loader_path/Frameworks";
				PRODUCT_NAME = "$(TARGET_NAME)";
				TEST_HOST = "$(BUILT_PRODUCTS_DIR)/Postcard2.app/Postcard2";
			};
			name = Release;
		};
/* End XCBuildConfiguration section */

/* Begin XCConfigurationList section */
		301BB9F61A6CFCBB006CC3F2 /* Build configuration list for PBXProject "Postcard2" */ = {
			isa = XCConfigurationList;
			buildConfigurations = (
				301BBA181A6CFCBC006CC3F2 /* Debug */,
				301BBA191A6CFCBC006CC3F2 /* Release */,
			);
			defaultConfigurationIsVisible = 0;
			defaultConfigurationName = Release;
		};
		301BBA1A1A6CFCBC006CC3F2 /* Build configuration list for PBXNativeTarget "Postcard2" */ = {
			isa = XCConfigurationList;
			buildConfigurations = (
				301BBA1B1A6CFCBC006CC3F2 /* Debug */,
				301BBA1C1A6CFCBC006CC3F2 /* Release */,
			);
			defaultConfigurationIsVisible = 0;
		};
		301BBA1D1A6CFCBC006CC3F2 /* Build configuration list for PBXNativeTarget "Postcard2Tests" */ = {
			isa = XCConfigurationList;
			buildConfigurations = (
				301BBA1E1A6CFCBC006CC3F2 /* Debug */,
				301BBA1F1A6CFCBC006CC3F2 /* Release */,
			);
			defaultConfigurationIsVisible = 0;
		};
/* End XCConfigurationList section */
	};
	rootObject = 301BB9F31A6CFCBB006CC3F2 /* Project object */;
}
